PODS:
  - KeyGen/Core (0.1.0)
  - KeyGen/Script (0.1.0)

DEPENDENCIES:
  - KeyGen/Core (from `../`)
  - KeyGen/Script (from `../`)

EXTERNAL SOURCES:
  KeyGen:
    :path: "../"

SPEC CHECKSUMS:
  KeyGen: 71898a3530878e62e4416e70e6234eae1b39654e

PODFILE CHECKSUM: e2703bf7dd55b0e1e28d8b9aa399edfb940cdb9d

COCOAPODS: 1.6.2
